
Microsoft Visual Studio Solution File, Format Version 12.00
# Visual Studio 2013
VisualStudioVersion = 12.0.31101.0
MinimumVisualStudioVersion = 10.0.40219.1
Project("{FAE04EC0-301F-11D3-BF4B-00C04F79EFBC}") = "InfinityBlog.Web", "InfinityBlog.Web\InfinityBlog.Web.csproj", "{21B250FF-21E9-44EA-B73E-92F7A87AB369}"
EndProject
Project("{FAE04EC0-301F-11D3-BF4B-00C04F79EFBC}") = "InfinityBlog.Web.Tests", "InfinityBlog.Web.Tests\InfinityBlog.Web.Tests.csproj", "{ED9E31FE-7E31-4ADE-83B4-26C8769939C1}"
EndProject
Project("{FAE04EC0-301F-11D3-BF4B-00C04F79EFBC}") = "InfinityBlog.Data", "InfinityBlog.Data\InfinityBlog.Data.csproj", "{0A4C5C71-68DE-4CEE-A55D-474AF8034887}"
EndProject
Project("{FAE04EC0-301F-11D3-BF4B-00C04F79EFBC}") = "InfinityBlog.Models", "InfinityBlog.Models\InfinityBlog.Models.csproj", "{7AE312C4-800E-4506-8BA5-AACDBA4C127E}"
EndProject
Global
	GlobalSection(SolutionConfigurationPlatforms) = preSolution
		Debug|Any CPU = Debug|Any CPU
		Release|Any CPU = Release|Any CPU
	EndGlobalSection
	GlobalSection(ProjectConfigurationPlatforms) = postSolution
		{21B250FF-21E9-44EA-B73E-92F7A87AB369}.Debug|Any CPU.ActiveCfg = Debug|Any CPU
		{21B250FF-21E9-44EA-B73E-92F7A87AB369}.Debug|Any CPU.Build.0 = Debug|Any CPU
		{21B250FF-21E9-44EA-B73E-92F7A87AB369}.Release|Any CPU.ActiveCfg = Release|Any CPU
		{21B250FF-21E9-44EA-B73E-92F7A87AB369}.Release|Any CPU.Build.0 = Release|Any CPU
		{ED9E31FE-7E31-4ADE-83B4-26C8769939C1}.Debug|Any CPU.ActiveCfg = Debug|Any CPU
		{ED9E31FE-7E31-4ADE-83B4-26C8769939C1}.Debug|Any CPU.Build.0 = Debug|Any CPU
		{ED9E31FE-7E31-4ADE-83B4-26C8769939C1}.Release|Any CPU.ActiveCfg = Release|Any CPU
		{ED9E31FE-7E31-4ADE-83B4-26C8769939C1}.Release|Any CPU.Build.0 = Release|Any CPU
		{0A4C5C71-68DE-4CEE-A55D-474AF8034887}.Debug|Any CPU.ActiveCfg = Debug|Any CPU
		{0A4C5C71-68DE-4CEE-A55D-474AF8034887}.Debug|Any CPU.Build.0 = Debug|Any CPU
		{0A4C5C71-68DE-4CEE-A55D-474AF8034887}.Release|Any CPU.ActiveCfg = Release|Any CPU
		{0A4C5C71-68DE-4CEE-A55D-474AF8034887}.Release|Any CPU.Build.0 = Release|Any CPU
		{7AE312C4-800E-4506-8BA5-AACDBA4C127E}.Debug|Any CPU.ActiveCfg = Debug|Any CPU
		{7AE312C4-800E-4506-8BA5-AACDBA4C127E}.Debug|Any CPU.Build.0 = Debug|Any CPU
		{7AE312C4-800E-4506-8BA5-AACDBA4C127E}.Release|Any CPU.ActiveCfg = Release|Any CPU
		{7AE312C4-800E-4506-8BA5-AACDBA4C127E}.Release|Any CPU.Build.0 = Release|Any CPU
	EndGlobalSection
	GlobalSection(SolutionProperties) = preSolution
		HideSolutionNode = FALSE
	EndGlobalSection
EndGlobal
